
Microsoft Visual Studio Solution File, Format Version 12.00
# Visual Studio Version 17
VisualStudioVersion = 17.0.31903.59
MinimumVisualStudioVersion = 10.0.40219.1
Project("{FAE04EC0-301F-11D3-BF4B-00C04F79EFBC}") = "neat-csharp", "neat-csharp.csproj", "{A3DEDBDA-C183-448C-AE3A-507BCA17B0C3}"
EndProject
Project("{2150E333-8FDC-42A3-9474-1A3956D46DE8}") = "Examples", "Examples", "{D4391210-C8CE-465C-92F1-902C11C45A34}"
EndProject
Project("{FAE04EC0-301F-11D3-BF4B-00C04F79EFBC}") = "XOR", "Examples\XOR\XOR.csproj", "{F2AC47E8-93D2-4818-97DD-B9DE2B752D62}"
EndProject
Global
	GlobalSection(SolutionConfigurationPlatforms) = preSolution
		Debug|Any CPU = Debug|Any CPU
		Release|Any CPU = Release|Any CPU
	EndGlobalSection
	GlobalSection(SolutionProperties) = preSolution
		HideSolutionNode = FALSE
	EndGlobalSection
	GlobalSection(ProjectConfigurationPlatforms) = postSolution
		{A3DEDBDA-C183-448C-AE3A-507BCA17B0C3}.Debug|Any CPU.ActiveCfg = Debug|Any CPU
		{A3DEDBDA-C183-448C-AE3A-507BCA17B0C3}.Debug|Any CPU.Build.0 = Debug|Any CPU
		{A3DEDBDA-C183-448C-AE3A-507BCA17B0C3}.Release|Any CPU.ActiveCfg = Release|Any CPU
		{A3DEDBDA-C183-448C-AE3A-507BCA17B0C3}.Release|Any CPU.Build.0 = Release|Any CPU
		{F2AC47E8-93D2-4818-97DD-B9DE2B752D62}.Debug|Any CPU.ActiveCfg = Debug|Any CPU
		{F2AC47E8-93D2-4818-97DD-B9DE2B752D62}.Debug|Any CPU.Build.0 = Debug|Any CPU
		{F2AC47E8-93D2-4818-97DD-B9DE2B752D62}.Release|Any CPU.ActiveCfg = Release|Any CPU
		{F2AC47E8-93D2-4818-97DD-B9DE2B752D62}.Release|Any CPU.Build.0 = Release|Any CPU
	EndGlobalSection
	GlobalSection(NestedProjects) = preSolution
		{F2AC47E8-93D2-4818-97DD-B9DE2B752D62} = {D4391210-C8CE-465C-92F1-902C11C45A34}
	EndGlobalSection
EndGlobal
